
Microsoft Visual Studio Solution File, Format Version 12.00
# Visual Studio Version 17
VisualStudioVersion = 17.1.32210.238
MinimumVisualStudioVersion = 10.0.40219.1
Project("{9A19103F-16F7-4668-BE54-9A1E7A4F7556}") = "AmisTest", "Form\AmisTest.csproj", "{26D3748A-F37D-4ED2-A6DB-48679E9048CF}"
EndProject
Global
	GlobalSection(SolutionConfigurationPlatforms) = preSolution
		Debug|Any CPU = Debug|Any CPU
		Release|Any CPU = Release|Any CPU
	EndGlobalSection
	GlobalSection(ProjectConfigurationPlatforms) = postSolution
		{26D3748A-F37D-4ED2-A6DB-48679E9048CF}.Debug|Any CPU.ActiveCfg = Debug|Any CPU
		{26D3748A-F37D-4ED2-A6DB-48679E9048CF}.Debug|Any CPU.Build.0 = Debug|Any CPU
		{26D3748A-F37D-4ED2-A6DB-48679E9048CF}.Release|Any CPU.ActiveCfg = Release|Any CPU
		{26D3748A-F37D-4ED2-A6DB-48679E9048CF}.Release|Any CPU.Build.0 = Release|Any CPU
	EndGlobalSection
	GlobalSection(SolutionProperties) = preSolution
		HideSolutionNode = FALSE
	EndGlobalSection
	GlobalSection(ExtensibilityGlobals) = postSolution
		SolutionGuid = {F7149C9D-9158-4935-9FB2-701F1E6F82EC}
	EndGlobalSection
EndGlobal
