
Microsoft Visual Studio Solution File, Format Version 12.00
# Visual Studio Version 17
VisualStudioVersion = 17.1.32210.238
MinimumVisualStudioVersion = 10.0.40219.1
Project("{FAE04EC0-301F-11D3-BF4B-00C04F79EFBC}") = "WebApplication1", "WebApplication1\WebApplication1.csproj", "{66E9F559-1458-43F5-BE5F-B0A7B6A20185}"
EndProject
Global
	GlobalSection(SolutionConfigurationPlatforms) = preSolution
		Debug|Any CPU = Debug|Any CPU
		Release|Any CPU = Release|Any CPU
	EndGlobalSection
	GlobalSection(ProjectConfigurationPlatforms) = postSolution
		{66E9F559-1458-43F5-BE5F-B0A7B6A20185}.Debug|Any CPU.ActiveCfg = Debug|Any CPU
		{66E9F559-1458-43F5-BE5F-B0A7B6A20185}.Debug|Any CPU.Build.0 = Debug|Any CPU
		{66E9F559-1458-43F5-BE5F-B0A7B6A20185}.Release|Any CPU.ActiveCfg = Release|Any CPU
		{66E9F559-1458-43F5-BE5F-B0A7B6A20185}.Release|Any CPU.Build.0 = Release|Any CPU
	EndGlobalSection
	GlobalSection(SolutionProperties) = preSolution
		HideSolutionNode = FALSE
	EndGlobalSection
	GlobalSection(ExtensibilityGlobals) = postSolution
		SolutionGuid = {E90471F8-3A6C-46CE-95E8-AC1C07EA58F1}
	EndGlobalSection
EndGlobal
